
Microsoft Visual Studio Solution File, Format Version 12.00
# Visual Studio 2015
Project("{FAE04EC0-301F-11D3-BF4B-00C04F79EFBC}") = "TheCauldron.CSharp.Plugins", "TheCauldron.CSharp.Plugins.csproj", "{97DE45A9-3504-31E4-67CF-BC7FE160E128}"
EndProject
Project("{FAE04EC0-301F-11D3-BF4B-00C04F79EFBC}") = "TheCauldron.CSharp", "TheCauldron.CSharp.csproj", "{800AC390-6BD0-DAFA-3541-B9FC22CE9714}"
EndProject
Project("{FAE04EC0-301F-11D3-BF4B-00C04F79EFBC}") = "TheCauldron.CSharp.Editor", "TheCauldron.CSharp.Editor.csproj", "{36564CD7-F40B-05FD-93A5-8C507F4F3D0E}"
EndProject
Global
	GlobalSection(SolutionConfigurationPlatforms) = preSolution
		Debug|Any CPU = Debug|Any CPU
		Release|Any CPU = Release|Any CPU
	EndGlobalSection
	GlobalSection(ProjectConfigurationPlatforms) = postSolution
		{97DE45A9-3504-31E4-67CF-BC7FE160E128}.Debug|Any CPU.ActiveCfg = Debug|Any CPU
		{97DE45A9-3504-31E4-67CF-BC7FE160E128}.Debug|Any CPU.Build.0 = Debug|Any CPU
		{97DE45A9-3504-31E4-67CF-BC7FE160E128}.Release|Any CPU.ActiveCfg = Release|Any CPU
		{97DE45A9-3504-31E4-67CF-BC7FE160E128}.Release|Any CPU.Build.0 = Release|Any CPU
		{800AC390-6BD0-DAFA-3541-B9FC22CE9714}.Debug|Any CPU.ActiveCfg = Debug|Any CPU
		{800AC390-6BD0-DAFA-3541-B9FC22CE9714}.Debug|Any CPU.Build.0 = Debug|Any CPU
		{800AC390-6BD0-DAFA-3541-B9FC22CE9714}.Release|Any CPU.ActiveCfg = Release|Any CPU
		{800AC390-6BD0-DAFA-3541-B9FC22CE9714}.Release|Any CPU.Build.0 = Release|Any CPU
		{36564CD7-F40B-05FD-93A5-8C507F4F3D0E}.Debug|Any CPU.ActiveCfg = Debug|Any CPU
		{36564CD7-F40B-05FD-93A5-8C507F4F3D0E}.Debug|Any CPU.Build.0 = Debug|Any CPU
		{36564CD7-F40B-05FD-93A5-8C507F4F3D0E}.Release|Any CPU.ActiveCfg = Release|Any CPU
		{36564CD7-F40B-05FD-93A5-8C507F4F3D0E}.Release|Any CPU.Build.0 = Release|Any CPU
	EndGlobalSection
	GlobalSection(SolutionProperties) = preSolution
		HideSolutionNode = FALSE
	EndGlobalSection
EndGlobal
